
Microsoft Visual Studio Solution File, Format Version 12.00
# Visual Studio Version 16
VisualStudioVersion = 16.0.30011.22
MinimumVisualStudioVersion = 10.0.40219.1
Project("{FAE04EC0-301F-11D3-BF4B-00C04F79EFBC}") = "Domotik", "Domotik.csproj", "{7A83D06B-1508-4F38-8F27-922A6F5C53C4}"
EndProject
Global
	GlobalSection(SolutionConfigurationPlatforms) = preSolution
		Debug|Any CPU = Debug|Any CPU
		Release|Any CPU = Release|Any CPU
	EndGlobalSection
	GlobalSection(ProjectConfigurationPlatforms) = postSolution
		{7A83D06B-1508-4F38-8F27-922A6F5C53C4}.Debug|Any CPU.ActiveCfg = Debug|Any CPU
		{7A83D06B-1508-4F38-8F27-922A6F5C53C4}.Debug|Any CPU.Build.0 = Debug|Any CPU
		{7A83D06B-1508-4F38-8F27-922A6F5C53C4}.Release|Any CPU.ActiveCfg = Release|Any CPU
		{7A83D06B-1508-4F38-8F27-922A6F5C53C4}.Release|Any CPU.Build.0 = Release|Any CPU
	EndGlobalSection
	GlobalSection(SolutionProperties) = preSolution
		HideSolutionNode = FALSE
	EndGlobalSection
	GlobalSection(ExtensibilityGlobals) = postSolution
		SolutionGuid = {D76B9C5B-9F57-475D-A2FE-91D276959724}
	EndGlobalSection
EndGlobal
